// !$*UTF8*$!
{
	archiveVersion = 1;
	classes = {
	};
	objectVersion = 55;
	objects = {

/* Begin PBXBuildFile section */
		0A2A42A428B63E890009AEF8 /* ProfilePhotoSelectorView.swift in Sources */ = {isa = PBXBuildFile; fileRef = 0A2A42A328B63E890009AEF8 /* ProfilePhotoSelectorView.swift */; };
		0A389E1928B279D700134655 /* SideMenuOptionRowView.swift in Sources */ = {isa = PBXBuildFile; fileRef = 0A389E1828B279D700134655 /* SideMenuOptionRowView.swift */; };
		0A389E1E28B27FC600134655 /* NewTweetView.swift in Sources */ = {isa = PBXBuildFile; fileRef = 0A389E1D28B27FC600134655 /* NewTweetView.swift */; };
		0A389E2028B280F300134655 /* TextArea.swift in Sources */ = {isa = PBXBuildFile; fileRef = 0A389E1F28B280F300134655 /* TextArea.swift */; };
		0A389E2528B284A700134655 /* LoginView.swift in Sources */ = {isa = PBXBuildFile; fileRef = 0A389E2428B284A700134655 /* LoginView.swift */; };
		0A389E2728B284B900134655 /* RegistrationView.swift in Sources */ = {isa = PBXBuildFile; fileRef = 0A389E2628B284B900134655 /* RegistrationView.swift */; };
		0A389E2928B286B800134655 /* RoundedShape.swift in Sources */ = {isa = PBXBuildFile; fileRef = 0A389E2828B286B800134655 /* RoundedShape.swift */; };
		0A389E2B28B28A6C00134655 /* CustomInputField.swift in Sources */ = {isa = PBXBuildFile; fileRef = 0A389E2A28B28A6C00134655 /* CustomInputField.swift */; };
		0A389E2E28B2B50A00134655 /* AuthHeaderView.swift in Sources */ = {isa = PBXBuildFile; fileRef = 0A389E2D28B2B50A00134655 /* AuthHeaderView.swift */; };
		0A389E3328B2BA9400134655 /* FirebaseAuth in Frameworks */ = {isa = PBXBuildFile; productRef = 0A389E3228B2BA9400134655 /* FirebaseAuth */; };
		0A389E3528B2BA9400134655 /* FirebaseFirestore in Frameworks */ = {isa = PBXBuildFile; productRef = 0A389E3428B2BA9400134655 /* FirebaseFirestore */; };
		0A389E3728B2BA9400134655 /* FirebaseFirestoreSwift in Frameworks */ = {isa = PBXBuildFile; productRef = 0A389E3628B2BA9400134655 /* FirebaseFirestoreSwift */; };
		0A389E3928B2BA9400134655 /* FirebaseStorage in Frameworks */ = {isa = PBXBuildFile; productRef = 0A389E3828B2BA9400134655 /* FirebaseStorage */; };
		0A389E4228B2CA8E00134655 /* AuthViewModel.swift in Sources */ = {isa = PBXBuildFile; fileRef = 0A389E4128B2CA8E00134655 /* AuthViewModel.swift */; };
		0AB19F4028AEEA4200B3B232 /* TwitterCloneApp.swift in Sources */ = {isa = PBXBuildFile; fileRef = 0AB19F3F28AEEA4200B3B232 /* TwitterCloneApp.swift */; };
		0AB19F4228AEEA4200B3B232 /* ContentView.swift in Sources */ = {isa = PBXBuildFile; fileRef = 0AB19F4128AEEA4200B3B232 /* ContentView.swift */; };
		0AB19F4428AEEA4500B3B232 /* Assets.xcassets in Resources */ = {isa = PBXBuildFile; fileRef = 0AB19F4328AEEA4500B3B232 /* Assets.xcassets */; };
		0AB19F4728AEEA4500B3B232 /* Preview Assets.xcassets in Resources */ = {isa = PBXBuildFile; fileRef = 0AB19F4628AEEA4500B3B232 /* Preview Assets.xcassets */; };
		0AB19F5728AEEB2C00B3B232 /* FeedView.swift in Sources */ = {isa = PBXBuildFile; fileRef = 0AB19F5628AEEB2C00B3B232 /* FeedView.swift */; };
		0AB19F5A28AEEBD600B3B232 /* TweetRowView.swift in Sources */ = {isa = PBXBuildFile; fileRef = 0AB19F5928AEEBD600B3B232 /* TweetRowView.swift */; };
		0AB19F5D28AEEFCF00B3B232 /* MainTabView.swift in Sources */ = {isa = PBXBuildFile; fileRef = 0AB19F5C28AEEFCF00B3B232 /* MainTabView.swift */; };
		0AB19F6428AEF10800B3B232 /* ExploreView.swift in Sources */ = {isa = PBXBuildFile; fileRef = 0AB19F6328AEF10800B3B232 /* ExploreView.swift */; };
		0AB19F6628AEF12600B3B232 /* NotificationsView.swift in Sources */ = {isa = PBXBuildFile; fileRef = 0AB19F6528AEF12600B3B232 /* NotificationsView.swift */; };
		0AB19F6828AEF14000B3B232 /* MessagesView.swift in Sources */ = {isa = PBXBuildFile; fileRef = 0AB19F6728AEF14000B3B232 /* MessagesView.swift */; };
		0AB19F6C28AEF27E00B3B232 /* ProfileView.swift in Sources */ = {isa = PBXBuildFile; fileRef = 0AB19F6B28AEF27E00B3B232 /* ProfileView.swift */; };
		0AB19F6E28AFA9D600B3B232 /* TweetFilterViewModel.swift in Sources */ = {isa = PBXBuildFile; fileRef = 0AB19F6D28AFA9D600B3B232 /* TweetFilterViewModel.swift */; };
		0AB19F7328AFAF1E00B3B232 /* UserRowView.swift in Sources */ = {isa = PBXBuildFile; fileRef = 0AB19F7228AFAF1E00B3B232 /* UserRowView.swift */; };
		0AB19F7828AFB1B100B3B232 /* SideMenuView.swift in Sources */ = {isa = PBXBuildFile; fileRef = 0AB19F7728AFB1B100B3B232 /* SideMenuView.swift */; };
		0AB19F7C28AFB1D800B3B232 /* SideMenuViewModel.swift in Sources */ = {isa = PBXBuildFile; fileRef = 0AB19F7B28AFB1D800B3B232 /* SideMenuViewModel.swift */; };
		0AB19F7F28AFB36700B3B232 /* UserStatsView.swift in Sources */ = {isa = PBXBuildFile; fileRef = 0AB19F7E28AFB36700B3B232 /* UserStatsView.swift */; };
		0AEBD19F28BA810400E02377 /* GoogleService-Info.plist in Resources */ = {isa = PBXBuildFile; fileRef = 0AEBD19E28BA810400E02377 /* GoogleService-Info.plist */; };
		0AEBD1A228BA820F00E02377 /* ImagePicker.swift in Sources */ = {isa = PBXBuildFile; fileRef = 0AEBD1A128BA820F00E02377 /* ImagePicker.swift */; };
/* End PBXBuildFile section */

/* Begin PBXFileReference section */
		0A2A42A328B63E890009AEF8 /* ProfilePhotoSelectorView.swift */ = {isa = PBXFileReference; lastKnownFileType = sourcecode.swift; path = ProfilePhotoSelectorView.swift; sourceTree = "<group>"; };
		0A389E1828B279D700134655 /* SideMenuOptionRowView.swift */ = {isa = PBXFileReference; lastKnownFileType = sourcecode.swift; path = SideMenuOptionRowView.swift; sourceTree = "<group>"; };
		0A389E1D28B27FC600134655 /* NewTweetView.swift */ = {isa = PBXFileReference; lastKnownFileType = sourcecode.swift; path = NewTweetView.swift; sourceTree = "<group>"; };
		0A389E1F28B280F300134655 /* TextArea.swift */ = {isa = PBXFileReference; lastKnownFileType = sourcecode.swift; path = TextArea.swift; sourceTree = "<group>"; };
		0A389E2428B284A700134655 /* LoginView.swift */ = {isa = PBXFileReference; lastKnownFileType = sourcecode.swift; path = LoginView.swift; sourceTree = "<group>"; };
		0A389E2628B284B900134655 /* RegistrationView.swift */ = {isa = PBXFileReference; lastKnownFileType = sourcecode.swift; path = RegistrationView.swift; sourceTree = "<group>"; };
		0A389E2828B286B800134655 /* RoundedShape.swift */ = {isa = PBXFileReference; lastKnownFileType = sourcecode.swift; path = RoundedShape.swift; sourceTree = "<group>"; };
		0A389E2A28B28A6C00134655 /* CustomInputField.swift */ = {isa = PBXFileReference; lastKnownFileType = sourcecode.swift; path = CustomInputField.swift; sourceTree = "<group>"; };
		0A389E2D28B2B50A00134655 /* AuthHeaderView.swift */ = {isa = PBXFileReference; lastKnownFileType = sourcecode.swift; path = AuthHeaderView.swift; sourceTree = "<group>"; };
		0A389E4128B2CA8E00134655 /* AuthViewModel.swift */ = {isa = PBXFileReference; lastKnownFileType = sourcecode.swift; path = AuthViewModel.swift; sourceTree = "<group>"; };
		0AB19F3C28AEEA4200B3B232 /* TwitterClone.app */ = {isa = PBXFileReference; explicitFileType = wrapper.application; includeInIndex = 0; path = TwitterClone.app; sourceTree = BUILT_PRODUCTS_DIR; };
		0AB19F3F28AEEA4200B3B232 /* TwitterCloneApp.swift */ = {isa = PBXFileReference; lastKnownFileType = sourcecode.swift; path = TwitterCloneApp.swift; sourceTree = "<group>"; };
		0AB19F4128AEEA4200B3B232 /* ContentView.swift */ = {isa = PBXFileReference; lastKnownFileType = sourcecode.swift; path = ContentView.swift; sourceTree = "<group>"; };
		0AB19F4328AEEA4500B3B232 /* Assets.xcassets */ = {isa = PBXFileReference; lastKnownFileType = folder.assetcatalog; path = Assets.xcassets; sourceTree = "<group>"; };
		0AB19F4628AEEA4500B3B232 /* Preview Assets.xcassets */ = {isa = PBXFileReference; lastKnownFileType = folder.assetcatalog; path = "Preview Assets.xcassets"; sourceTree = "<group>"; };
		0AB19F5628AEEB2C00B3B232 /* FeedView.swift */ = {isa = PBXFileReference; lastKnownFileType = sourcecode.swift; path = FeedView.swift; sourceTree = "<group>"; };
		0AB19F5928AEEBD600B3B232 /* TweetRowView.swift */ = {isa = PBXFileReference; lastKnownFileType = sourcecode.swift; path = TweetRowView.swift; sourceTree = "<group>"; };
		0AB19F5C28AEEFCF00B3B232 /* MainTabView.swift */ = {isa = PBXFileReference; lastKnownFileType = sourcecode.swift; path = MainTabView.swift; sourceTree = "<group>"; };
		0AB19F6328AEF10800B3B232 /* ExploreView.swift */ = {isa = PBXFileReference; lastKnownFileType = sourcecode.swift; path = ExploreView.swift; sourceTree = "<group>"; };
		0AB19F6528AEF12600B3B232 /* NotificationsView.swift */ = {isa = PBXFileReference; lastKnownFileType = sourcecode.swift; path = NotificationsView.swift; sourceTree = "<group>"; };
		0AB19F6728AEF14000B3B232 /* MessagesView.swift */ = {isa = PBXFileReference; lastKnownFileType = sourcecode.swift; path = MessagesView.swift; sourceTree = "<group>"; };
		0AB19F6B28AEF27E00B3B232 /* ProfileView.swift */ = {isa = PBXFileReference; lastKnownFileType = sourcecode.swift; path = ProfileView.swift; sourceTree = "<group>"; };
		0AB19F6D28AFA9D600B3B232 /* TweetFilterViewModel.swift */ = {isa = PBXFileReference; lastKnownFileType = sourcecode.swift; path = TweetFilterViewModel.swift; sourceTree = "<group>"; };
		0AB19F7228AFAF1E00B3B232 /* UserRowView.swift */ = {isa = PBXFileReference; lastKnownFileType = sourcecode.swift; path = UserRowView.swift; sourceTree = "<group>"; };
		0AB19F7728AFB1B100B3B232 /* SideMenuView.swift */ = {isa = PBXFileReference; lastKnownFileType = sourcecode.swift; path = SideMenuView.swift; sourceTree = "<group>"; };
		0AB19F7B28AFB1D800B3B232 /* SideMenuViewModel.swift */ = {isa = PBXFileReference; lastKnownFileType = sourcecode.swift; path = SideMenuViewModel.swift; sourceTree = "<group>"; };
		0AB19F7E28AFB36700B3B232 /* UserStatsView.swift */ = {isa = PBXFileReference; lastKnownFileType = sourcecode.swift; path = UserStatsView.swift; sourceTree = "<group>"; };
		0AEBD19E28BA810400E02377 /* GoogleService-Info.plist */ = {isa = PBXFileReference; fileEncoding = 4; lastKnownFileType = text.plist.xml; path = "GoogleService-Info.plist"; sourceTree = "<group>"; };
		0AEBD1A128BA820F00E02377 /* ImagePicker.swift */ = {isa = PBXFileReference; lastKnownFileType = sourcecode.swift; path = ImagePicker.swift; sourceTree = "<group>"; };
/* End PBXFileReference section */

/* Begin PBXFrameworksBuildPhase section */
		0AB19F3928AEEA4200B3B232 /* Frameworks */ = {
			isa = PBXFrameworksBuildPhase;
			buildActionMask = 2147483647;
			files = (
				0A389E3328B2BA9400134655 /* FirebaseAuth in Frameworks */,
				0A389E3928B2BA9400134655 /* FirebaseStorage in Frameworks */,
				0A389E3528B2BA9400134655 /* FirebaseFirestore in Frameworks */,
				0A389E3728B2BA9400134655 /* FirebaseFirestoreSwift in Frameworks */,
			);
			runOnlyForDeploymentPostprocessing = 0;
		};
/* End PBXFrameworksBuildPhase section */

/* Begin PBXGroup section */
		0A389E1A28B27FA400134655 /* UploadTweet */ = {
			isa = PBXGroup;
			children = (
				0A389E1B28B27FAD00134655 /* ViewModels */,
				0A389E1C28B27FB400134655 /* Views */,
			);
			path = UploadTweet;
			sourceTree = "<group>";
		};
		0A389E1B28B27FAD00134655 /* ViewModels */ = {
			isa = PBXGroup;
			children = (
			);
			path = ViewModels;
			sourceTree = "<group>";
		};
		0A389E1C28B27FB400134655 /* Views */ = {
			isa = PBXGroup;
			children = (
				0A389E1D28B27FC600134655 /* NewTweetView.swift */,
			);
			path = Views;
			sourceTree = "<group>";
		};
		0A389E2128B2848800134655 /* Authentication */ = {
			isa = PBXGroup;
			children = (
				0A389E3E28B2C94400134655 /* ViewModels */,
				0A389E2328B2849A00134655 /* Views */,
			);
			path = Authentication;
			sourceTree = "<group>";
		};
		0A389E2328B2849A00134655 /* Views */ = {
			isa = PBXGroup;
			children = (
				0A389E2428B284A700134655 /* LoginView.swift */,
				0A389E2628B284B900134655 /* RegistrationView.swift */,
				0A2A42A328B63E890009AEF8 /* ProfilePhotoSelectorView.swift */,
			);
			path = Views;
			sourceTree = "<group>";
		};
		0A389E2C28B2B4EF00134655 /* Authentication */ = {
			isa = PBXGroup;
			children = (
				0A389E2D28B2B50A00134655 /* AuthHeaderView.swift */,
			);
			path = Authentication;
			sourceTree = "<group>";
		};
		0A389E3E28B2C94400134655 /* ViewModels */ = {
			isa = PBXGroup;
			children = (
				0A389E4128B2CA8E00134655 /* AuthViewModel.swift */,
			);
			path = ViewModels;
			sourceTree = "<group>";
		};
		0AB19F3328AEEA4200B3B232 = {
			isa = PBXGroup;
			children = (
				0AB19F3E28AEEA4200B3B232 /* TwitterClone */,
				0AB19F3D28AEEA4200B3B232 /* Products */,
			);
			sourceTree = "<group>";
		};
		0AB19F3D28AEEA4200B3B232 /* Products */ = {
			isa = PBXGroup;
			children = (
				0AB19F3C28AEEA4200B3B232 /* TwitterClone.app */,
			);
			name = Products;
			sourceTree = "<group>";
		};
		0AB19F3E28AEEA4200B3B232 /* TwitterClone */ = {
			isa = PBXGroup;
			children = (
				0AEBD1A028BA820100E02377 /* Utils */,
				0AB19F5128AEEA7A00B3B232 /* Extensions */,
				0AB19F5028AEEA7600B3B232 /* Model */,
				0AB19F4E28AEEA6800B3B232 /* Services */,
				0AB19F4D28AEEA6000B3B232 /* Core */,
				0AB19F3F28AEEA4200B3B232 /* TwitterCloneApp.swift */,
				0AB19F4128AEEA4200B3B232 /* ContentView.swift */,
				0AEBD19E28BA810400E02377 /* GoogleService-Info.plist */,
				0AB19F4328AEEA4500B3B232 /* Assets.xcassets */,
				0AB19F4528AEEA4500B3B232 /* Preview Content */,
			);
			path = TwitterClone;
			sourceTree = "<group>";
		};
		0AB19F4528AEEA4500B3B232 /* Preview Content */ = {
			isa = PBXGroup;
			children = (
				0AB19F4628AEEA4500B3B232 /* Preview Assets.xcassets */,
			);
			path = "Preview Content";
			sourceTree = "<group>";
		};
		0AB19F4D28AEEA6000B3B232 /* Core */ = {
			isa = PBXGroup;
			children = (
				0AB19F5228AEEAA900B3B232 /* Components */,
				0A389E2128B2848800134655 /* Authentication */,
				0A389E1A28B27FA400134655 /* UploadTweet */,
				0AB19F7428AFB18C00B3B232 /* SideMenu */,
				0AB19F6128AEF0B100B3B232 /* Profile */,
				0AB19F5F28AEF08A00B3B232 /* Explore */,
				0AB19F5E28AEF08800B3B232 /* Notifications */,
				0AB19F6228AEF0B100B3B232 /* Messages */,
				0AB19F5B28AEEFBF00B3B232 /* MainTab */,
				0AB19F5328AEEAB700B3B232 /* Feed */,
			);
			path = Core;
			sourceTree = "<group>";
		};
		0AB19F4E28AEEA6800B3B232 /* Services */ = {
			isa = PBXGroup;
			children = (
			);
			path = Services;
			sourceTree = "<group>";
		};
		0AB19F5028AEEA7600B3B232 /* Model */ = {
			isa = PBXGroup;
			children = (
			);
			path = Model;
			sourceTree = "<group>";
		};
		0AB19F5128AEEA7A00B3B232 /* Extensions */ = {
			isa = PBXGroup;
			children = (
			);
			path = Extensions;
			sourceTree = "<group>";
		};
		0AB19F5228AEEAA900B3B232 /* Components */ = {
			isa = PBXGroup;
			children = (
				0A389E2C28B2B4EF00134655 /* Authentication */,
				0AB19F7128AFAF0F00B3B232 /* Users */,
				0AB19F5828AEEBA200B3B232 /* Tweets */,
				0A389E1F28B280F300134655 /* TextArea.swift */,
				0A389E2828B286B800134655 /* RoundedShape.swift */,
				0A389E2A28B28A6C00134655 /* CustomInputField.swift */,
			);
			path = Components;
			sourceTree = "<group>";
		};
		0AB19F5328AEEAB700B3B232 /* Feed */ = {
			isa = PBXGroup;
			children = (
				0AB19F5428AEEB0500B3B232 /* ViewModels */,
				0AB19F5528AEEB0F00B3B232 /* Views */,
			);
			path = Feed;
			sourceTree = "<group>";
		};
		0AB19F5428AEEB0500B3B232 /* ViewModels */ = {
			isa = PBXGroup;
			children = (
			);
			path = ViewModels;
			sourceTree = "<group>";
		};
		0AB19F5528AEEB0F00B3B232 /* Views */ = {
			isa = PBXGroup;
			children = (
				0AB19F5628AEEB2C00B3B232 /* FeedView.swift */,
			);
			path = Views;
			sourceTree = "<group>";
		};
		0AB19F5828AEEBA200B3B232 /* Tweets */ = {
			isa = PBXGroup;
			children = (
				0AB19F5928AEEBD600B3B232 /* TweetRowView.swift */,
			);
			path = Tweets;
			sourceTree = "<group>";
		};
		0AB19F5B28AEEFBF00B3B232 /* MainTab */ = {
			isa = PBXGroup;
			children = (
				0AB19F5C28AEEFCF00B3B232 /* MainTabView.swift */,
			);
			path = MainTab;
			sourceTree = "<group>";
		};
		0AB19F5E28AEF08800B3B232 /* Notifications */ = {
			isa = PBXGroup;
			children = (
				0AB19F6528AEF12600B3B232 /* NotificationsView.swift */,
			);
			path = Notifications;
			sourceTree = "<group>";
		};
		0AB19F5F28AEF08A00B3B232 /* Explore */ = {
			isa = PBXGroup;
			children = (
				0AB19F7028AFAED400B3B232 /* Views */,
				0AB19F6F28AFAEC700B3B232 /* ViewModels */,
			);
			path = Explore;
			sourceTree = "<group>";
		};
		0AB19F6128AEF0B100B3B232 /* Profile */ = {
			isa = PBXGroup;
			children = (
				0AB19F6A28AEF27200B3B232 /* Views */,
				0AB19F6928AEF26B00B3B232 /* ViewModels */,
			);
			name = Profile;
			path = "New Group/Profile";
			sourceTree = "<group>";
		};
		0AB19F6228AEF0B100B3B232 /* Messages */ = {
			isa = PBXGroup;
			children = (
				0AB19F6728AEF14000B3B232 /* MessagesView.swift */,
			);
			name = Messages;
			path = Explore/Messages;
			sourceTree = "<group>";
		};
		0AB19F6928AEF26B00B3B232 /* ViewModels */ = {
			isa = PBXGroup;
			children = (
				0AB19F6D28AFA9D600B3B232 /* TweetFilterViewModel.swift */,
			);
			path = ViewModels;
			sourceTree = "<group>";
		};
		0AB19F6A28AEF27200B3B232 /* Views */ = {
			isa = PBXGroup;
			children = (
				0AB19F6B28AEF27E00B3B232 /* ProfileView.swift */,
			);
			path = Views;
			sourceTree = "<group>";
		};
		0AB19F6F28AFAEC700B3B232 /* ViewModels */ = {
			isa = PBXGroup;
			children = (
			);
			path = ViewModels;
			sourceTree = "<group>";
		};
		0AB19F7028AFAED400B3B232 /* Views */ = {
			isa = PBXGroup;
			children = (
				0AB19F6328AEF10800B3B232 /* ExploreView.swift */,
			);
			path = Views;
			sourceTree = "<group>";
		};
		0AB19F7128AFAF0F00B3B232 /* Users */ = {
			isa = PBXGroup;
			children = (
				0AB19F7228AFAF1E00B3B232 /* UserRowView.swift */,
				0AB19F7E28AFB36700B3B232 /* UserStatsView.swift */,
			);
			path = Users;
			sourceTree = "<group>";
		};
		0AB19F7428AFB18C00B3B232 /* SideMenu */ = {
			isa = PBXGroup;
			children = (
				0AB19F7528AFB19E00B3B232 /* ViewModels */,
				0AB19F7628AFB1A400B3B232 /* Views */,
			);
			path = SideMenu;
			sourceTree = "<group>";
		};
		0AB19F7528AFB19E00B3B232 /* ViewModels */ = {
			isa = PBXGroup;
			children = (
				0AB19F7B28AFB1D800B3B232 /* SideMenuViewModel.swift */,
			);
			path = ViewModels;
			sourceTree = "<group>";
		};
		0AB19F7628AFB1A400B3B232 /* Views */ = {
			isa = PBXGroup;
			children = (
				0AB19F7728AFB1B100B3B232 /* SideMenuView.swift */,
				0A389E1828B279D700134655 /* SideMenuOptionRowView.swift */,
			);
			path = Views;
			sourceTree = "<group>";
		};
		0AEBD1A028BA820100E02377 /* Utils */ = {
			isa = PBXGroup;
			children = (
				0AEBD1A128BA820F00E02377 /* ImagePicker.swift */,
			);
			path = Utils;
			sourceTree = "<group>";
		};
/* End PBXGroup section */

/* Begin PBXNativeTarget section */
		0AB19F3B28AEEA4200B3B232 /* TwitterClone */ = {
			isa = PBXNativeTarget;
			buildConfigurationList = 0AB19F4A28AEEA4500B3B232 /* Build configuration list for PBXNativeTarget "TwitterClone" */;
			buildPhases = (
				0AB19F3828AEEA4200B3B232 /* Sources */,
				0AB19F3928AEEA4200B3B232 /* Frameworks */,
				0AB19F3A28AEEA4200B3B232 /* Resources */,
			);
			buildRules = (
			);
			dependencies = (
			);
			name = TwitterClone;
			packageProductDependencies = (
				0A389E3228B2BA9400134655 /* FirebaseAuth */,
				0A389E3428B2BA9400134655 /* FirebaseFirestore */,
				0A389E3628B2BA9400134655 /* FirebaseFirestoreSwift */,
				0A389E3828B2BA9400134655 /* FirebaseStorage */,
			);
			productName = TwitterClone;
			productReference = 0AB19F3C28AEEA4200B3B232 /* TwitterClone.app */;
			productType = "com.apple.product-type.application";
		};
/* End PBXNativeTarget section */

/* Begin PBXProject section */
		0AB19F3428AEEA4200B3B232 /* Project object */ = {
			isa = PBXProject;
			attributes = {
				BuildIndependentTargetsInParallel = 1;
				LastSwiftUpdateCheck = 1340;
				LastUpgradeCheck = 1340;
				TargetAttributes = {
					0AB19F3B28AEEA4200B3B232 = {
						CreatedOnToolsVersion = 13.4.1;
					};
				};
			};
			buildConfigurationList = 0AB19F3728AEEA4200B3B232 /* Build configuration list for PBXProject "TwitterClone" */;
			compatibilityVersion = "Xcode 13.0";
			developmentRegion = en;
			hasScannedForEncodings = 0;
			knownRegions = (
				en,
				Base,
			);
			mainGroup = 0AB19F3328AEEA4200B3B232;
			packageReferences = (
				0A389E3128B2BA9400134655 /* XCRemoteSwiftPackageReference "firebase-ios-sdk" */,
			);
			productRefGroup = 0AB19F3D28AEEA4200B3B232 /* Products */;
			projectDirPath = "";
			projectRoot = "";
			targets = (
				0AB19F3B28AEEA4200B3B232 /* TwitterClone */,
			);
		};
/* End PBXProject section */

/* Begin PBXResourcesBuildPhase section */
		0AB19F3A28AEEA4200B3B232 /* Resources */ = {
			isa = PBXResourcesBuildPhase;
			buildActionMask = 2147483647;
			files = (
				0AB19F4728AEEA4500B3B232 /* Preview Assets.xcassets in Resources */,
				0AB19F4428AEEA4500B3B232 /* Assets.xcassets in Resources */,
				0AEBD19F28BA810400E02377 /* GoogleService-Info.plist in Resources */,
			);
			runOnlyForDeploymentPostprocessing = 0;
		};
/* End PBXResourcesBuildPhase section */

/* Begin PBXSourcesBuildPhase section */
		0AB19F3828AEEA4200B3B232 /* Sources */ = {
			isa = PBXSourcesBuildPhase;
			buildActionMask = 2147483647;
			files = (
				0AB19F6828AEF14000B3B232 /* MessagesView.swift in Sources */,
				0AB19F6C28AEF27E00B3B232 /* ProfileView.swift in Sources */,
				0AEBD1A228BA820F00E02377 /* ImagePicker.swift in Sources */,
				0AB19F4228AEEA4200B3B232 /* ContentView.swift in Sources */,
				0A389E2E28B2B50A00134655 /* AuthHeaderView.swift in Sources */,
				0AB19F5A28AEEBD600B3B232 /* TweetRowView.swift in Sources */,
				0A389E2B28B28A6C00134655 /* CustomInputField.swift in Sources */,
				0AB19F6E28AFA9D600B3B232 /* TweetFilterViewModel.swift in Sources */,
				0AB19F5728AEEB2C00B3B232 /* FeedView.swift in Sources */,
				0A2A42A428B63E890009AEF8 /* ProfilePhotoSelectorView.swift in Sources */,
				0AB19F7828AFB1B100B3B232 /* SideMenuView.swift in Sources */,
				0AB19F4028AEEA4200B3B232 /* TwitterCloneApp.swift in Sources */,
				0AB19F6428AEF10800B3B232 /* ExploreView.swift in Sources */,
				0AB19F7C28AFB1D800B3B232 /* SideMenuViewModel.swift in Sources */,
				0A389E2028B280F300134655 /* TextArea.swift in Sources */,
				0AB19F7328AFAF1E00B3B232 /* UserRowView.swift in Sources */,
				0A389E2528B284A700134655 /* LoginView.swift in Sources */,
				0A389E2728B284B900134655 /* RegistrationView.swift in Sources */,
				0A389E1E28B27FC600134655 /* NewTweetView.swift in Sources */,
				0A389E4228B2CA8E00134655 /* AuthViewModel.swift in Sources */,
				0A389E2928B286B800134655 /* RoundedShape.swift in Sources */,
				0A389E1928B279D700134655 /* SideMenuOptionRowView.swift in Sources */,
				0AB19F5D28AEEFCF00B3B232 /* MainTabView.swift in Sources */,
				0AB19F6628AEF12600B3B232 /* NotificationsView.swift in Sources */,
				0AB19F7F28AFB36700B3B232 /* UserStatsView.swift in Sources */,
			);
			runOnlyForDeploymentPostprocessing = 0;
		};
/* End PBXSourcesBuildPhase section */

/* Begin XCBuildConfiguration section */
		0AB19F4828AEEA4500B3B232 /* Debug */ = {
			isa = XCBuildConfiguration;
			buildSettings = {
				ALWAYS_SEARCH_USER_PATHS = NO;
				CLANG_ANALYZER_NONNULL = YES;
				CLANG_ANALYZER_NUMBER_OBJECT_CONVERSION = YES_AGGRESSIVE;
				CLANG_CXX_LANGUAGE_STANDARD = "gnu++17";
				CLANG_ENABLE_MODULES = YES;
				CLANG_ENABLE_OBJC_ARC = YES;
				CLANG_ENABLE_OBJC_WEAK = YES;
				CLANG_WARN_BLOCK_CAPTURE_AUTORELEASING = YES;
				CLANG_WARN_BOOL_CONVERSION = YES;
				CLANG_WARN_COMMA = YES;
				CLANG_WARN_CONSTANT_CONVERSION = YES;
				CLANG_WARN_DEPRECATED_OBJC_IMPLEMENTATIONS = YES;
				CLANG_WARN_DIRECT_OBJC_ISA_USAGE = YES_ERROR;
				CLANG_WARN_DOCUMENTATION_COMMENTS = YES;
				CLANG_WARN_EMPTY_BODY = YES;
				CLANG_WARN_ENUM_CONVERSION = YES;
				CLANG_WARN_INFINITE_RECURSION = YES;
				CLANG_WARN_INT_CONVERSION = YES;
				CLANG_WARN_NON_LITERAL_NULL_CONVERSION = YES;
				CLANG_WARN_OBJC_IMPLICIT_RETAIN_SELF = YES;
				CLANG_WARN_OBJC_LITERAL_CONVERSION = YES;
				CLANG_WARN_OBJC_ROOT_CLASS = YES_ERROR;
				CLANG_WARN_QUOTED_INCLUDE_IN_FRAMEWORK_HEADER = YES;
				CLANG_WARN_RANGE_LOOP_ANALYSIS = YES;
				CLANG_WARN_STRICT_PROTOTYPES = YES;
				CLANG_WARN_SUSPICIOUS_MOVE = YES;
				CLANG_WARN_UNGUARDED_AVAILABILITY = YES_AGGRESSIVE;
				CLANG_WARN_UNREACHABLE_CODE = YES;
				CLANG_WARN__DUPLICATE_METHOD_MATCH = YES;
				COPY_PHASE_STRIP = NO;
				DEBUG_INFORMATION_FORMAT = dwarf;
				ENABLE_STRICT_OBJC_MSGSEND = YES;
				ENABLE_TESTABILITY = YES;
				GCC_C_LANGUAGE_STANDARD = gnu11;
				GCC_DYNAMIC_NO_PIC = NO;
				GCC_NO_COMMON_BLOCKS = YES;
				GCC_OPTIMIZATION_LEVEL = 0;
				GCC_PREPROCESSOR_DEFINITIONS = (
					"DEBUG=1",
					"$(inherited)",
				);
				GCC_WARN_64_TO_32_BIT_CONVERSION = YES;
				GCC_WARN_ABOUT_RETURN_TYPE = YES_ERROR;
				GCC_WARN_UNDECLARED_SELECTOR = YES;
				GCC_WARN_UNINITIALIZED_AUTOS = YES_AGGRESSIVE;
				GCC_WARN_UNUSED_FUNCTION = YES;
				GCC_WARN_UNUSED_VARIABLE = YES;
				IPHONEOS_DEPLOYMENT_TARGET = 15.5;
				MTL_ENABLE_DEBUG_INFO = INCLUDE_SOURCE;
				MTL_FAST_MATH = YES;
				ONLY_ACTIVE_ARCH = YES;
				SDKROOT = iphoneos;
				SWIFT_ACTIVE_COMPILATION_CONDITIONS = DEBUG;
				SWIFT_OPTIMIZATION_LEVEL = "-Onone";
			};
			name = Debug;
		};
		0AB19F4928AEEA4500B3B232 /* Release */ = {
			isa = XCBuildConfiguration;
			buildSettings = {
				ALWAYS_SEARCH_USER_PATHS = NO;
				CLANG_ANALYZER_NONNULL = YES;
				CLANG_ANALYZER_NUMBER_OBJECT_CONVERSION = YES_AGGRESSIVE;
				CLANG_CXX_LANGUAGE_STANDARD = "gnu++17";
				CLANG_ENABLE_MODULES = YES;
				CLANG_ENABLE_OBJC_ARC = YES;
				CLANG_ENABLE_OBJC_WEAK = YES;
				CLANG_WARN_BLOCK_CAPTURE_AUTORELEASING = YES;
				CLANG_WARN_BOOL_CONVERSION = YES;
				CLANG_WARN_COMMA = YES;
				CLANG_WARN_CONSTANT_CONVERSION = YES;
				CLANG_WARN_DEPRECATED_OBJC_IMPLEMENTATIONS = YES;
				CLANG_WARN_DIRECT_OBJC_ISA_USAGE = YES_ERROR;
				CLANG_WARN_DOCUMENTATION_COMMENTS = YES;
				CLANG_WARN_EMPTY_BODY = YES;
				CLANG_WARN_ENUM_CONVERSION = YES;
				CLANG_WARN_INFINITE_RECURSION = YES;
				CLANG_WARN_INT_CONVERSION = YES;
				CLANG_WARN_NON_LITERAL_NULL_CONVERSION = YES;
				CLANG_WARN_OBJC_IMPLICIT_RETAIN_SELF = YES;
				CLANG_WARN_OBJC_LITERAL_CONVERSION = YES;
				CLANG_WARN_OBJC_ROOT_CLASS = YES_ERROR;
				CLANG_WARN_QUOTED_INCLUDE_IN_FRAMEWORK_HEADER = YES;
				CLANG_WARN_RANGE_LOOP_ANALYSIS = YES;
				CLANG_WARN_STRICT_PROTOTYPES = YES;
				CLANG_WARN_SUSPICIOUS_MOVE = YES;
				CLANG_WARN_UNGUARDED_AVAILABILITY = YES_AGGRESSIVE;
				CLANG_WARN_UNREACHABLE_CODE = YES;
				CLANG_WARN__DUPLICATE_METHOD_MATCH = YES;
				COPY_PHASE_STRIP = NO;
				DEBUG_INFORMATION_FORMAT = "dwarf-with-dsym";
				ENABLE_NS_ASSERTIONS = NO;
				ENABLE_STRICT_OBJC_MSGSEND = YES;
				GCC_C_LANGUAGE_STANDARD = gnu11;
				GCC_NO_COMMON_BLOCKS = YES;
				GCC_WARN_64_TO_32_BIT_CONVERSION = YES;
				GCC_WARN_ABOUT_RETURN_TYPE = YES_ERROR;
				GCC_WARN_UNDECLARED_SELECTOR = YES;
				GCC_WARN_UNINITIALIZED_AUTOS = YES_AGGRESSIVE;
				GCC_WARN_UNUSED_FUNCTION = YES;
				GCC_WARN_UNUSED_VARIABLE = YES;
				IPHONEOS_DEPLOYMENT_TARGET = 15.5;
				MTL_ENABLE_DEBUG_INFO = NO;
				MTL_FAST_MATH = YES;
				SDKROOT = iphoneos;
				SWIFT_COMPILATION_MODE = wholemodule;
				SWIFT_OPTIMIZATION_LEVEL = "-O";
				VALIDATE_PRODUCT = YES;
			};
			name = Release;
		};
		0AB19F4B28AEEA4500B3B232 /* Debug */ = {
			isa = XCBuildConfiguration;
			buildSettings = {
				ASSETCATALOG_COMPILER_APPICON_NAME = AppIcon;
				ASSETCATALOG_COMPILER_GLOBAL_ACCENT_COLOR_NAME = AccentColor;
				CODE_SIGN_STYLE = Automatic;
				CURRENT_PROJECT_VERSION = 1;
				DEVELOPMENT_ASSET_PATHS = "\"TwitterClone/Preview Content\"";
				DEVELOPMENT_TEAM = 3FV5J94G7D;
				ENABLE_PREVIEWS = YES;
				GENERATE_INFOPLIST_FILE = YES;
				INFOPLIST_KEY_UIApplicationSceneManifest_Generation = YES;
				INFOPLIST_KEY_UIApplicationSupportsIndirectInputEvents = YES;
				INFOPLIST_KEY_UILaunchScreen_Generation = YES;
				INFOPLIST_KEY_UISupportedInterfaceOrientations_iPad = "UIInterfaceOrientationPortrait UIInterfaceOrientationPortraitUpsideDown UIInterfaceOrientationLandscapeLeft UIInterfaceOrientationLandscapeRight";
				INFOPLIST_KEY_UISupportedInterfaceOrientations_iPhone = "UIInterfaceOrientationPortrait UIInterfaceOrientationLandscapeLeft UIInterfaceOrientationLandscapeRight";
				LD_RUNPATH_SEARCH_PATHS = (
					"$(inherited)",
					"@executable_path/Frameworks",
				);
				MARKETING_VERSION = 1.0;
				PRODUCT_BUNDLE_IDENTIFIER = com.maxkup19.TwitterClone;
				PRODUCT_NAME = "$(TARGET_NAME)";
				SWIFT_EMIT_LOC_STRINGS = YES;
				SWIFT_VERSION = 5.0;
				TARGETED_DEVICE_FAMILY = "1,2";
			};
			name = Debug;
		};
		0AB19F4C28AEEA4500B3B232 /* Release */ = {
			isa = XCBuildConfiguration;
			buildSettings = {
				ASSETCATALOG_COMPILER_APPICON_NAME = AppIcon;
				ASSETCATALOG_COMPILER_GLOBAL_ACCENT_COLOR_NAME = AccentColor;
				CODE_SIGN_STYLE = Automatic;
				CURRENT_PROJECT_VERSION = 1;
				DEVELOPMENT_ASSET_PATHS = "\"TwitterClone/Preview Content\"";
				DEVELOPMENT_TEAM = 3FV5J94G7D;
				ENABLE_PREVIEWS = YES;
				GENERATE_INFOPLIST_FILE = YES;
				INFOPLIST_KEY_UIApplicationSceneManifest_Generation = YES;
				INFOPLIST_KEY_UIApplicationSupportsIndirectInputEvents = YES;
				INFOPLIST_KEY_UILaunchScreen_Generation = YES;
				INFOPLIST_KEY_UISupportedInterfaceOrientations_iPad = "UIInterfaceOrientationPortrait UIInterfaceOrientationPortraitUpsideDown UIInterfaceOrientationLandscapeLeft UIInterfaceOrientationLandscapeRight";
				INFOPLIST_KEY_UISupportedInterfaceOrientations_iPhone = "UIInterfaceOrientationPortrait UIInterfaceOrientationLandscapeLeft UIInterfaceOrientationLandscapeRight";
				LD_RUNPATH_SEARCH_PATHS = (
					"$(inherited)",
					"@executable_path/Frameworks",
				);
				MARKETING_VERSION = 1.0;
				PRODUCT_BUNDLE_IDENTIFIER = com.maxkup19.TwitterClone;
				PRODUCT_NAME = "$(TARGET_NAME)";
				SWIFT_EMIT_LOC_STRINGS = YES;
				SWIFT_VERSION = 5.0;
				TARGETED_DEVICE_FAMILY = "1,2";
			};
			name = Release;
		};
/* End XCBuildConfiguration section */

/* Begin XCConfigurationList section */
		0AB19F3728AEEA4200B3B232 /* Build configuration list for PBXProject "TwitterClone" */ = {
			isa = XCConfigurationList;
			buildConfigurations = (
				0AB19F4828AEEA4500B3B232 /* Debug */,
				0AB19F4928AEEA4500B3B232 /* Release */,
			);
			defaultConfigurationIsVisible = 0;
			defaultConfigurationName = Release;
		};
		0AB19F4A28AEEA4500B3B232 /* Build configuration list for PBXNativeTarget "TwitterClone" */ = {
			isa = XCConfigurationList;
			buildConfigurations = (
				0AB19F4B28AEEA4500B3B232 /* Debug */,
				0AB19F4C28AEEA4500B3B232 /* Release */,
			);
			defaultConfigurationIsVisible = 0;
			defaultConfigurationName = Release;
		};
/* End XCConfigurationList section */

/* Begin XCRemoteSwiftPackageReference section */
		0A389E3128B2BA9400134655 /* XCRemoteSwiftPackageReference "firebase-ios-sdk" */ = {
			isa = XCRemoteSwiftPackageReference;
			repositoryURL = "https://github.com/firebase/firebase-ios-sdk";
			requirement = {
				kind = upToNextMajorVersion;
				minimumVersion = 9.0.0;
			};
		};
/* End XCRemoteSwiftPackageReference section */

/* Begin XCSwiftPackageProductDependency section */
		0A389E3228B2BA9400134655 /* FirebaseAuth */ = {
			isa = XCSwiftPackageProductDependency;
			package = 0A389E3128B2BA9400134655 /* XCRemoteSwiftPackageReference "firebase-ios-sdk" */;
			productName = FirebaseAuth;
		};
		0A389E3428B2BA9400134655 /* FirebaseFirestore */ = {
			isa = XCSwiftPackageProductDependency;
			package = 0A389E3128B2BA9400134655 /* XCRemoteSwiftPackageReference "firebase-ios-sdk" */;
			productName = FirebaseFirestore;
		};
		0A389E3628B2BA9400134655 /* FirebaseFirestoreSwift */ = {
			isa = XCSwiftPackageProductDependency;
			package = 0A389E3128B2BA9400134655 /* XCRemoteSwiftPackageReference "firebase-ios-sdk" */;
			productName = FirebaseFirestoreSwift;
		};
		0A389E3828B2BA9400134655 /* FirebaseStorage */ = {
			isa = XCSwiftPackageProductDependency;
			package = 0A389E3128B2BA9400134655 /* XCRemoteSwiftPackageReference "firebase-ios-sdk" */;
			productName = FirebaseStorage;
		};
/* End XCSwiftPackageProductDependency section */
	};
	rootObject = 0AB19F3428AEEA4200B3B232 /* Project object */;
}
